// !$*UTF8*$!
{
	archiveVersion = 1;
	classes = {
	};
	objectVersion = 50;
	objects = {

/* Begin PBXBuildFile section */
		4A24FABE23E90C900031E9B9 /* SceneDelegate.swift in Sources */ = {isa = PBXBuildFile; fileRef = 4A24FABD23E90C8F0031E9B9 /* SceneDelegate.swift */; };
		4AA5987623E906DB001DD4AA /* AppDelegate.swift in Sources */ = {isa = PBXBuildFile; fileRef = 4AA5987523E906DB001DD4AA /* AppDelegate.swift */; };
		4AA5987A23E906DB001DD4AA /* ViewController.swift in Sources */ = {isa = PBXBuildFile; fileRef = 4AA5987923E906DB001DD4AA /* ViewController.swift */; };
		4AA5987F23E906DC001DD4AA /* Assets.xcassets in Resources */ = {isa = PBXBuildFile; fileRef = 4AA5987E23E906DC001DD4AA /* Assets.xcassets */; };
		4AA5988223E906DC001DD4AA /* LaunchScreen.storyboard in Resources */ = {isa = PBXBuildFile; fileRef = 4AA5988023E906DC001DD4AA /* LaunchScreen.storyboard */; };
		4AA5988D23E90847001DD4AA /* Swing.swift in Sources */ = {isa = PBXBuildFile; fileRef = 4AA5988C23E90847001DD4AA /* Swing.swift */; };
		4AA5988F23E90851001DD4AA /* DataService.swift in Sources */ = {isa = PBXBuildFile; fileRef = 4AA5988E23E90851001DD4AA /* DataService.swift */; };
		4AA5989123E908DB001DD4AA /* latestSwing.csv in Resources */ = {isa = PBXBuildFile; fileRef = 4AA5989023E908DB001DD4AA /* latestSwing.csv */; };
/* End PBXBuildFile section */

/* Begin PBXFileReference section */
		4A24FABD23E90C8F0031E9B9 /* SceneDelegate.swift */ = {isa = PBXFileReference; fileEncoding = 4; lastKnownFileType = sourcecode.swift; path = SceneDelegate.swift; sourceTree = "<group>"; };
		4AA5987223E906DB001DD4AA /* DKCodingChallenge.app */ = {isa = PBXFileReference; explicitFileType = wrapper.application; includeInIndex = 0; path = DKCodingChallenge.app; sourceTree = BUILT_PRODUCTS_DIR; };
		4AA5987523E906DB001DD4AA /* AppDelegate.swift */ = {isa = PBXFileReference; lastKnownFileType = sourcecode.swift; path = AppDelegate.swift; sourceTree = "<group>"; };
		4AA5987923E906DB001DD4AA /* ViewController.swift */ = {isa = PBXFileReference; lastKnownFileType = sourcecode.swift; path = ViewController.swift; sourceTree = "<group>"; };
		4AA5987E23E906DC001DD4AA /* Assets.xcassets */ = {isa = PBXFileReference; lastKnownFileType = folder.assetcatalog; path = Assets.xcassets; sourceTree = "<group>"; };
		4AA5988123E906DC001DD4AA /* Base */ = {isa = PBXFileReference; lastKnownFileType = file.storyboard; name = Base; path = Base.lproj/LaunchScreen.storyboard; sourceTree = "<group>"; };
		4AA5988323E906DC001DD4AA /* Info.plist */ = {isa = PBXFileReference; lastKnownFileType = text.plist.xml; path = Info.plist; sourceTree = "<group>"; };
		4AA5988C23E90847001DD4AA /* Swing.swift */ = {isa = PBXFileReference; lastKnownFileType = sourcecode.swift; path = Swing.swift; sourceTree = "<group>"; };
		4AA5988E23E90851001DD4AA /* DataService.swift */ = {isa = PBXFileReference; lastKnownFileType = sourcecode.swift; path = DataService.swift; sourceTree = "<group>"; };
		4AA5989023E908DB001DD4AA /* latestSwing.csv */ = {isa = PBXFileReference; fileEncoding = 4; lastKnownFileType = text; path = latestSwing.csv; sourceTree = "<group>"; };
/* End PBXFileReference section */

/* Begin PBXFrameworksBuildPhase section */
		4AA5986F23E906DB001DD4AA /* Frameworks */ = {
			isa = PBXFrameworksBuildPhase;
			buildActionMask = 2147483647;
			files = (
			);
			runOnlyForDeploymentPostprocessing = 0;
		};
/* End PBXFrameworksBuildPhase section */

/* Begin PBXGroup section */
		4AA5986923E906DB001DD4AA = {
			isa = PBXGroup;
			children = (
				4AA5987423E906DB001DD4AA /* DKCodingChallenge */,
				4AA5987323E906DB001DD4AA /* Products */,
			);
			sourceTree = "<group>";
		};
		4AA5987323E906DB001DD4AA /* Products */ = {
			isa = PBXGroup;
			children = (
				4AA5987223E906DB001DD4AA /* DKCodingChallenge.app */,
			);
			name = Products;
			sourceTree = "<group>";
		};
		4AA5987423E906DB001DD4AA /* DKCodingChallenge */ = {
			isa = PBXGroup;
			children = (
				4AA5988923E9070B001DD4AA /* ViewControllers */,
				4AA5988A23E90728001DD4AA /* DataModel */,
				4AA5988B23E90730001DD4AA /* Other */,
				4AA5987E23E906DC001DD4AA /* Assets.xcassets */,
				4AA5988323E906DC001DD4AA /* Info.plist */,
				4AA5989023E908DB001DD4AA /* latestSwing.csv */,
			);
			path = DKCodingChallenge;
			sourceTree = "<group>";
		};
		4AA5988923E9070B001DD4AA /* ViewControllers */ = {
			isa = PBXGroup;
			children = (
				4AA5988023E906DC001DD4AA /* LaunchScreen.storyboard */,
				4AA5987523E906DB001DD4AA /* AppDelegate.swift */,
				4A24FABD23E90C8F0031E9B9 /* SceneDelegate.swift */,
				4AA5987923E906DB001DD4AA /* ViewController.swift */,
			);
			path = ViewControllers;
			sourceTree = "<group>";
		};
		4AA5988A23E90728001DD4AA /* DataModel */ = {
			isa = PBXGroup;
			children = (
				4AA5988E23E90851001DD4AA /* DataService.swift */,
				4AA5988C23E90847001DD4AA /* Swing.swift */,
			);
			path = DataModel;
			sourceTree = "<group>";
		};
		4AA5988B23E90730001DD4AA /* Other */ = {
			isa = PBXGroup;
			children = (
			);
			path = Other;
			sourceTree = "<group>";
		};
/* End PBXGroup section */

/* Begin PBXNativeTarget section */
		4AA5987123E906DB001DD4AA /* DKCodingChallenge */ = {
			isa = PBXNativeTarget;
			buildConfigurationList = 4AA5988623E906DC001DD4AA /* Build configuration list for PBXNativeTarget "DKCodingChallenge" */;
			buildPhases = (
				4AA5986E23E906DB001DD4AA /* Sources */,
				4AA5986F23E906DB001DD4AA /* Frameworks */,
				4AA5987023E906DB001DD4AA /* Resources */,
			);
			buildRules = (
			);
			dependencies = (
			);
			name = DKCodingChallenge;
			productName = DKCodingChallenge;
			productReference = 4AA5987223E906DB001DD4AA /* DKCodingChallenge.app */;
			productType = "com.apple.product-type.application";
		};
/* End PBXNativeTarget section */

/* Begin PBXProject section */
		4AA5986A23E906DB001DD4AA /* Project object */ = {
			isa = PBXProject;
			attributes = {
				LastSwiftUpdateCheck = 1130;
				LastUpgradeCheck = 1130;
				ORGANIZATIONNAME = bmeyer;
				TargetAttributes = {
					4AA5987123E906DB001DD4AA = {
						CreatedOnToolsVersion = 11.3;
					};
				};
			};
			buildConfigurationList = 4AA5986D23E906DB001DD4AA /* Build configuration list for PBXProject "DKCodingChallenge" */;
			compatibilityVersion = "Xcode 9.3";
			developmentRegion = en;
			hasScannedForEncodings = 0;
			knownRegions = (
				en,
				Base,
			);
			mainGroup = 4AA5986923E906DB001DD4AA;
			productRefGroup = 4AA5987323E906DB001DD4AA /* Products */;
			projectDirPath = "";
			projectRoot = "";
			targets = (
				4AA5987123E906DB001DD4AA /* DKCodingChallenge */,
			);
		};
/* End PBXProject section */

/* Begin PBXResourcesBuildPhase section */
		4AA5987023E906DB001DD4AA /* Resources */ = {
			isa = PBXResourcesBuildPhase;
			buildActionMask = 2147483647;
			files = (
				4AA5988223E906DC001DD4AA /* LaunchScreen.storyboard in Resources */,
				4AA5987F23E906DC001DD4AA /* Assets.xcassets in Resources */,
				4AA5989123E908DB001DD4AA /* latestSwing.csv in Resources */,
			);
			runOnlyForDeploymentPostprocessing = 0;
		};
/* End PBXResourcesBuildPhase section */

/* Begin PBXSourcesBuildPhase section */
		4AA5986E23E906DB001DD4AA /* Sources */ = {
			isa = PBXSourcesBuildPhase;
			buildActionMask = 2147483647;
			files = (
				4A24FABE23E90C900031E9B9 /* SceneDelegate.swift in Sources */,
				4AA5987A23E906DB001DD4AA /* ViewController.swift in Sources */,
				4AA5988F23E90851001DD4AA /* DataService.swift in Sources */,
				4AA5987623E906DB001DD4AA /* AppDelegate.swift in Sources */,
				4AA5988D23E90847001DD4AA /* Swing.swift in Sources */,
			);
			runOnlyForDeploymentPostprocessing = 0;
		};
/* End PBXSourcesBuildPhase section */

/* Begin PBXVariantGroup section */
		4AA5988023E906DC001DD4AA /* LaunchScreen.storyboard */ = {
			isa = PBXVariantGroup;
			children = (
				4AA5988123E906DC001DD4AA /* Base */,
			);
			name = LaunchScreen.storyboard;
			sourceTree = "<group>";
		};
/* End PBXVariantGroup section */

/* Begin XCBuildConfiguration section */
		4AA5988423E906DC001DD4AA /* Debug */ = {
			isa = XCBuildConfiguration;
			buildSettings = {
				ALWAYS_SEARCH_USER_PATHS = NO;
				CLANG_ANALYZER_NONNULL = YES;
				CLANG_ANALYZER_NUMBER_OBJECT_CONVERSION = YES_AGGRESSIVE;
				CLANG_CXX_LANGUAGE_STANDARD = "gnu++14";
				CLANG_CXX_LIBRARY = "libc++";
				CLANG_ENABLE_MODULES = YES;
				CLANG_ENABLE_OBJC_ARC = YES;
				CLANG_ENABLE_OBJC_WEAK = YES;
				CLANG_WARN_BLOCK_CAPTURE_AUTORELEASING = YES;
				CLANG_WARN_BOOL_CONVERSION = YES;
				CLANG_WARN_COMMA = YES;
				CLANG_WARN_CONSTANT_CONVERSION = YES;
				CLANG_WARN_DEPRECATED_OBJC_IMPLEMENTATIONS = YES;
				CLANG_WARN_DIRECT_OBJC_ISA_USAGE = YES_ERROR;
				CLANG_WARN_DOCUMENTATION_COMMENTS = YES;
				CLANG_WARN_EMPTY_BODY = YES;
				CLANG_WARN_ENUM_CONVERSION = YES;
				CLANG_WARN_INFINITE_RECURSION = YES;
				CLANG_WARN_INT_CONVERSION = YES;
				CLANG_WARN_NON_LITERAL_NULL_CONVERSION = YES;
				CLANG_WARN_OBJC_IMPLICIT_RETAIN_SELF = YES;
				CLANG_WARN_OBJC_LITERAL_CONVERSION = YES;
				CLANG_WARN_OBJC_ROOT_CLASS = YES_ERROR;
				CLANG_WARN_RANGE_LOOP_ANALYSIS = YES;
				CLANG_WARN_STRICT_PROTOTYPES = YES;
				CLANG_WARN_SUSPICIOUS_MOVE = YES;
				CLANG_WARN_UNGUARDED_AVAILABILITY = YES_AGGRESSIVE;
				CLANG_WARN_UNREACHABLE_CODE = YES;
				CLANG_WARN__DUPLICATE_METHOD_MATCH = YES;
				COPY_PHASE_STRIP = NO;
				DEBUG_INFORMATION_FORMAT = dwarf;
				ENABLE_STRICT_OBJC_MSGSEND = YES;
				ENABLE_TESTABILITY = YES;
				GCC_C_LANGUAGE_STANDARD = gnu11;
				GCC_DYNAMIC_NO_PIC = NO;
				GCC_NO_COMMON_BLOCKS = YES;
				GCC_OPTIMIZATION_LEVEL = 0;
				GCC_PREPROCESSOR_DEFINITIONS = (
					"DEBUG=1",
					"$(inherited)",
				);
				GCC_WARN_64_TO_32_BIT_CONVERSION = YES;
				GCC_WARN_ABOUT_RETURN_TYPE = YES_ERROR;
				GCC_WARN_UNDECLARED_SELECTOR = YES;
				GCC_WARN_UNINITIALIZED_AUTOS = YES_AGGRESSIVE;
				GCC_WARN_UNUSED_FUNCTION = YES;
				GCC_WARN_UNUSED_VARIABLE = YES;
				IPHONEOS_DEPLOYMENT_TARGET = 13.2;
				MTL_ENABLE_DEBUG_INFO = INCLUDE_SOURCE;
				MTL_FAST_MATH = YES;
				ONLY_ACTIVE_ARCH = YES;
				SDKROOT = iphoneos;
				SWIFT_ACTIVE_COMPILATION_CONDITIONS = DEBUG;
				SWIFT_OPTIMIZATION_LEVEL = "-Onone";
			};
			name = Debug;
		};
		4AA5988523E906DC001DD4AA /* Release */ = {
			isa = XCBuildConfiguration;
			buildSettings = {
				ALWAYS_SEARCH_USER_PATHS = NO;
				CLANG_ANALYZER_NONNULL = YES;
				CLANG_ANALYZER_NUMBER_OBJECT_CONVERSION = YES_AGGRESSIVE;
				CLANG_CXX_LANGUAGE_STANDARD = "gnu++14";
				CLANG_CXX_LIBRARY = "libc++";
				CLANG_ENABLE_MODULES = YES;
				CLANG_ENABLE_OBJC_ARC = YES;
				CLANG_ENABLE_OBJC_WEAK = YES;
				CLANG_WARN_BLOCK_CAPTURE_AUTORELEASING = YES;
				CLANG_WARN_BOOL_CONVERSION = YES;
				CLANG_WARN_COMMA = YES;
				CLANG_WARN_CONSTANT_CONVERSION = YES;
				CLANG_WARN_DEPRECATED_OBJC_IMPLEMENTATIONS = YES;
				CLANG_WARN_DIRECT_OBJC_ISA_USAGE = YES_ERROR;
				CLANG_WARN_DOCUMENTATION_COMMENTS = YES;
				CLANG_WARN_EMPTY_BODY = YES;
				CLANG_WARN_ENUM_CONVERSION = YES;
				CLANG_WARN_INFINITE_RECURSION = YES;
				CLANG_WARN_INT_CONVERSION = YES;
				CLANG_WARN_NON_LITERAL_NULL_CONVERSION = YES;
				CLANG_WARN_OBJC_IMPLICIT_RETAIN_SELF = YES;
				CLANG_WARN_OBJC_LITERAL_CONVERSION = YES;
				CLANG_WARN_OBJC_ROOT_CLASS = YES_ERROR;
				CLANG_WARN_RANGE_LOOP_ANALYSIS = YES;
				CLANG_WARN_STRICT_PROTOTYPES = YES;
				CLANG_WARN_SUSPICIOUS_MOVE = YES;
				CLANG_WARN_UNGUARDED_AVAILABILITY = YES_AGGRESSIVE;
				CLANG_WARN_UNREACHABLE_CODE = YES;
				CLANG_WARN__DUPLICATE_METHOD_MATCH = YES;
				COPY_PHASE_STRIP = NO;
				DEBUG_INFORMATION_FORMAT = "dwarf-with-dsym";
				ENABLE_NS_ASSERTIONS = NO;
				ENABLE_STRICT_OBJC_MSGSEND = YES;
				GCC_C_LANGUAGE_STANDARD = gnu11;
				GCC_NO_COMMON_BLOCKS = YES;
				GCC_WARN_64_TO_32_BIT_CONVERSION = YES;
				GCC_WARN_ABOUT_RETURN_TYPE = YES_ERROR;
				GCC_WARN_UNDECLARED_SELECTOR = YES;
				GCC_WARN_UNINITIALIZED_AUTOS = YES_AGGRESSIVE;
				GCC_WARN_UNUSED_FUNCTION = YES;
				GCC_WARN_UNUSED_VARIABLE = YES;
				IPHONEOS_DEPLOYMENT_TARGET = 13.2;
				MTL_ENABLE_DEBUG_INFO = NO;
				MTL_FAST_MATH = YES;
				SDKROOT = iphoneos;
				SWIFT_COMPILATION_MODE = wholemodule;
				SWIFT_OPTIMIZATION_LEVEL = "-O";
				VALIDATE_PRODUCT = YES;
			};
			name = Release;
		};
		4AA5988723E906DC001DD4AA /* Debug */ = {
			isa = XCBuildConfiguration;
			buildSettings = {
				ASSETCATALOG_COMPILER_APPICON_NAME = AppIcon;
				CODE_SIGN_STYLE = Automatic;
				DEVELOPMENT_TEAM = XVX32H2Y6D;
				INFOPLIST_FILE = DKCodingChallenge/Info.plist;
				IPHONEOS_DEPLOYMENT_TARGET = 13.0;
				LD_RUNPATH_SEARCH_PATHS = (
					"$(inherited)",
					"@executable_path/Frameworks",
				);
				PRODUCT_BUNDLE_IDENTIFIER = bmeyer.DKCodingChallenge;
				PRODUCT_NAME = "$(TARGET_NAME)";
				SWIFT_VERSION = 5.0;
				TARGETED_DEVICE_FAMILY = "1,2";
			};
			name = Debug;
		};
		4AA5988823E906DC001DD4AA /* Release */ = {
			isa = XCBuildConfiguration;
			buildSettings = {
				ASSETCATALOG_COMPILER_APPICON_NAME = AppIcon;
				CODE_SIGN_STYLE = Automatic;
				DEVELOPMENT_TEAM = XVX32H2Y6D;
				INFOPLIST_FILE = DKCodingChallenge/Info.plist;
				IPHONEOS_DEPLOYMENT_TARGET = 13.0;
				LD_RUNPATH_SEARCH_PATHS = (
					"$(inherited)",
					"@executable_path/Frameworks",
				);
				PRODUCT_BUNDLE_IDENTIFIER = bmeyer.DKCodingChallenge;
				PRODUCT_NAME = "$(TARGET_NAME)";
				SWIFT_VERSION = 5.0;
				TARGETED_DEVICE_FAMILY = "1,2";
			};
			name = Release;
		};
/* End XCBuildConfiguration section */

/* Begin XCConfigurationList section */
		4AA5986D23E906DB001DD4AA /* Build configuration list for PBXProject "DKCodingChallenge" */ = {
			isa = XCConfigurationList;
			buildConfigurations = (
				4AA5988423E906DC001DD4AA /* Debug */,
				4AA5988523E906DC001DD4AA /* Release */,
			);
			defaultConfigurationIsVisible = 0;
			defaultConfigurationName = Release;
		};
		4AA5988623E906DC001DD4AA /* Build configuration list for PBXNativeTarget "DKCodingChallenge" */ = {
			isa = XCConfigurationList;
			buildConfigurations = (
				4AA5988723E906DC001DD4AA /* Debug */,
				4AA5988823E906DC001DD4AA /* Release */,
			);
			defaultConfigurationIsVisible = 0;
			defaultConfigurationName = Release;
		};
/* End XCConfigurationList section */
	};
	rootObject = 4AA5986A23E906DB001DD4AA /* Project object */;
}
